# THIS IS AN AUTOGENERATED FILE. DO NOT EDIT THIS FILE DIRECTLY.
# yarn lockfile v1


"@babel/helper-string-parser@^7.27.1":
  version "7.27.1"
  resolved "https://registry.yarnpkg.com/@babel/helper-string-parser/-/helper-string-parser-7.27.1.tgz#54da796097ab19ce67ed9f88b47bb2ec49367687"
  integrity sha512-qMlSxKbpRlAridDExk92nSobyDdpPijUq2DW6oDnUqd0iOGxmQjyqhMIihI9+zv4LPyZdRje2cavWPbCbWm3eA==

"@babel/helper-validator-identifier@^7.27.1":
  version "7.27.1"
  resolved "https://registry.yarnpkg.com/@babel/helper-validator-identifier/-/helper-validator-identifier-7.27.1.tgz#a7054dcc145a967dd4dc8fee845a57c1316c9df8"
  integrity sha512-D2hP9eA+Sqx1kBZgzxZh0y1trbuU+JoDkiEwqhQ36nodYqJwyEIhPSdMNd7lOm/4io72luTPWH20Yda0xOuUow==

"@babel/parser@^7.28.4":
  version "7.28.4"
  resolved "https://registry.yarnpkg.com/@babel/parser/-/parser-7.28.4.tgz#da25d4643532890932cc03f7705fe19637e03fa8"
  integrity sha512-yZbBqeM6TkpP9du/I2pUZnJsRMGGvOuIrhjzC1AwHwW+6he4mni6Bp/m8ijn0iOuZuPI2BfkCoSRunpyjnrQKg==
  dependencies:
    "@babel/types" "^7.28.4"

"@babel/types@^7.28.4":
  version "7.28.4"
  resolved "https://registry.yarnpkg.com/@babel/types/-/types-7.28.4.tgz#0a4e618f4c60a7cd6c11cb2d48060e4dbe38ac3a"
  integrity sha512-bkFqkLhh3pMBUQQkpVgWDWq/lqzc2678eUyDlTBhRqhCHFguYYGM0Efga7tYk4TogG/3x0EEl66/OQ+WGbWB/Q==
  dependencies:
    "@babel/helper-string-parser" "^7.27.1"
    "@babel/helper-validator-identifier" "^7.27.1"

"@emnapi/core@1.10.0":
  version "1.10.0"
  resolved "https://registry.yarnpkg.com/@emnapi/core/-/core-1.10.0.tgz#380ccc8f2412ea22d1d972df7f8ee23a3b9c7467"
  integrity sha512-yq6OkJ4p82CAfPl0u9mQebQHKPJkY7WrIuk205cTYnYe+k2Z8YBh11FrbRG/H6ihirqcacOgl2BIO8oyMQLeXw==
  dependencies:
    "@emnapi/wasi-threads" "1.2.1"
    tslib "^2.4.0"

"@emnapi/runtime@1.10.0":
  version "1.10.0"
  resolved "https://registry.yarnpkg.com/@emnapi/runtime/-/runtime-1.10.0.tgz#4b260c0d3534204e98c6110b8db1a987d26ec87c"
  integrity sha512-ewvYlk86xUoGI0zQRNq/mC+16R1QeDlKQy21Ki3oSYXNgLb45GV1P6A0M+/s6nyCuNDqe5VpaY84BzXGwVbwFA==
  dependencies:
    tslib "^2.4.0"

"@emnapi/wasi-threads@1.2.1":
  version "1.2.1"
  resolved "https://registry.yarnpkg.com/@emnapi/wasi-threads/-/wasi-threads-1.2.1.tgz#28fed21a1ba1ce797c44a070abc94d42f3ae8548"
  integrity sha512-uTII7OYF+/Mes/MrcIOYp5yOtSMLBWSIoLPpcgwipoiKbli6k322tcoFsxoIIxPDqW01SQGAgko4EzZi2BNv2w==
  dependencies:
    tslib "^2.4.0"

"@fxts/core@^1.0.1":
  version "1.17.0"
  resolved "https://registry.yarnpkg.com/@fxts/core/-/core-1.17.0.tgz#d5089523d8e81b9a68c7bc7e2acfa8cff02e7ac6"
  integrity sha512-gmcIhJgU6eaW31/W6cdCRi5goJ/nh6zB0mMCxVf4lxx6yFCxX0zMcdThacEhcTkR3G4jLdCUw0Y9Ii7IIEyc0w==
  dependencies:
    tslib "^2.6.0"

"@jridgewell/sourcemap-codec@^1.5.5":
  version "1.5.5"
  resolved "https://registry.yarnpkg.com/@jridgewell/sourcemap-codec/-/sourcemap-codec-1.5.5.tgz#6912b00d2c631c0d15ce1a7ab57cd657f2a8f8ba"
  integrity sha512-cYQ9310grqxueWbl+WuIUIaiUaDcj7WOq5fVhEljNVgRfOUhY9fy2zTvfoqWsnebh8Sl70VScFbICvJnLKB0Og==

"@lukeed/csprng@^1.0.0":
  version "1.1.0"
  resolved "https://registry.yarnpkg.com/@lukeed/csprng/-/csprng-1.1.0.tgz#1e3e4bd05c1cc7a0b2ddbd8a03f39f6e4b5e6cfe"
  integrity sha512-Z7C/xXCiGWsg0KuKsHTKJxbWhpI3Vs5GwLfOean7MGyVFGqdRgBbAjOCh6u4bbjPc/8MJ2pZmK/0DLdCbivLDA==

"@mlightcad/cad-simple-viewer@^1.1.11":
  version "1.1.11"
  resolved "https://registry.yarnpkg.com/@mlightcad/cad-simple-viewer/-/cad-simple-viewer-1.1.11.tgz#87145c9ae91e99b40edbd16e4ca6a63d5ee16647"
  integrity sha512-Z89hjm/GD8ReiUKPAzlOyvri/ofOOfmXT6eNKPHBBGiRXEYFQDmTqJ1yRjS++JMJoH7p5Ui7Xhzg8HNkS/2KOg==
  dependencies:
    "@mlightcad/libredwg-converter" "3.0.24"
    mitt "^3.0.1"
    rbush "^4.0.1"

"@mlightcad/common@^1.2.2":
  version "1.2.2"
  resolved "https://registry.yarnpkg.com/@mlightcad/common/-/common-1.2.2.tgz#7317a5032ee8a020bb2db494d521823c54620391"
  integrity sha512-kLKEAo9sS2LloftzvfkW3i2Xd0Mqr/erpYNYJrgnJRISaJHGVCVYgV82ca5+rBg+PxamHHlF+cxO8D/kTPY75A==
  dependencies:
    loglevel "^1.9.1"

"@mlightcad/data-model@^1.2.24":
  version "1.2.24"
  resolved "https://registry.yarnpkg.com/@mlightcad/data-model/-/data-model-1.2.24.tgz#3d5c8d5425b68417d831386958428bc06fdb67bb"
  integrity sha512-2gYko12NU34uRFXAm8j/CiTI630r6WdEvfnPTLF8W20LSV9aLfsHDbBLmZAQVzbTBtmDcehkvLMULbWUEmjxBA==
  dependencies:
    uid "^2.0.2"
    "@mlightcad/dxf-json" "1.0.10"

"@mlightcad/dxf-json@1.0.10":
  version "1.0.10"
  resolved "https://registry.yarnpkg.com/@mlightcad/dxf-json/-/dxf-json-1.0.10.tgz#9709544b0e2e6d252d6a28e16d8c1303d51ec373"
  integrity sha512-KY2E49y9DHPb0LoEi2Uz2cgmtVFgiNNNBn1DsWYvqn4VLD7itr2+GE51yBZLAzG1SFXiwqPjp5mprU6fI7kysg==
  dependencies:
    "@fxts/core" "^1.0.1"

"@mlightcad/geometry-engine@^3.0.3":
  version "3.0.3"
  resolved "https://registry.yarnpkg.com/@mlightcad/geometry-engine/-/geometry-engine-3.0.3.tgz#5ac08f51f23983f3b02b6050543f36d7ff2f2300"
  integrity sha512-LnncYpJMX4YvurZirifBsEq8EZ7l6E9uKDEhbNlF1nOactJlMcLYg1fq/DLfqyYTQvOwNpaR+w79zMgRAKKq+w==
  dependencies:
    verb-nurbs-web "^2.1.3"

"@mlightcad/graphic-interface@^3.0.4":
  version "3.0.4"
  resolved "https://registry.yarnpkg.com/@mlightcad/graphic-interface/-/graphic-interface-3.0.4.tgz#5d504c42327437cc8e69b6e60d8c981e239ed5b9"
  integrity sha512-Xtpqs/WY9BECh4VhbxcEnZxkMvf1twYQLoDs4PGVV9CQ6w16lhZQtYRn4Kzu3heikHEgqEh+xMFshyOoVKzH4g==

"@mlightcad/libredwg-converter@3.0.24":
  version "3.0.24"
  resolved "https://registry.yarnpkg.com/@mlightcad/libredwg-converter/-/libredwg-converter-3.0.24.tgz#0c7497d2b22ffc7d7dfdd21ab414dd797fd391f0"
  integrity sha512-8aHEbpayOwPIwrvqgkirESE/igmhhZlQmaZM2v2uF8e7p8bs92D2lbakv+AG5Zglpzp8DGsB0ds1g1WKg2rrEg==
  dependencies:
    "@mlightcad/libredwg-web" "0.3.0"

"@mlightcad/libredwg-web@0.3.0":
  version "0.3.0"
  resolved "https://registry.yarnpkg.com/@mlightcad/libredwg-web/-/libredwg-web-0.3.0.tgz#da71ab1532baf1540804239c5ec200780fa11df6"
  integrity sha512-Ptp5j71oWn/sD7wyPWkrtK5nAEfVLMPZofGsYsneL3/QmPuhXlg9vfcLld6z+D8OI+I7UIWePYwd/WWS6lnbEQ==

"@napi-rs/wasm-runtime@^1.1.4":
  version "1.1.4"
  resolved "https://registry.yarnpkg.com/@napi-rs/wasm-runtime/-/wasm-runtime-1.1.4.tgz#a46bbfedc29751b7170c5d23bc1d8ee8c7e3c1e1"
  integrity sha512-3NQNNgA1YSlJb/kMH1ildASP9HW7/7kYnRI2szWJaofaS1hWmbGI4H+d3+22aGzXXN9IJ+n+GiFVcGipJP18ow==
  dependencies:
    "@tybys/wasm-util" "^0.10.1"

"@oxc-project/types@=0.129.0":
  version "0.129.0"
  resolved "https://registry.yarnpkg.com/@oxc-project/types/-/types-0.129.0.tgz#8e6362388ce6092feafd14f3a73ae6407b1285d9"
  integrity sha512-3oz8m3FGdr2nDXVqmFUw7jolKliC4MoyXYIG2c7gpjBnzUWQpUGIYcXYKxTdTi+N2jusvt610ckTMkxdwHkYEg==

"@rolldown/binding-android-arm64@1.0.0":
  version "1.0.0"
  resolved "https://registry.yarnpkg.com/@rolldown/binding-android-arm64/-/binding-android-arm64-1.0.0.tgz#aefa7afdcabc1269b1933d50cad31013cb697143"
  integrity sha512-TWMZnRLMe63C2Lhyicviu7ZHaU4kxa6PS3rofvc9GmcvptzNN11BcfQ4Sl7MwTOsisQoa2keB/EBdNCAnUo8vA==

"@rolldown/binding-darwin-arm64@1.0.0":
  version "1.0.0"
  resolved "https://registry.yarnpkg.com/@rolldown/binding-darwin-arm64/-/binding-darwin-arm64-1.0.0.tgz#83e708d97f9f8f3791e79ef8c24d5fcc5e8f29df"
  integrity sha512-6XcD+8k0gPVItNagEw78/qqcBDwKcwDYS8V2hRmVsfUSIrd8cWe/CBvRDI5toqFyPfj+FJr6t8U6Xj2P2prEew==

"@rolldown/binding-darwin-x64@1.0.0":
  version "1.0.0"
  resolved "https://registry.yarnpkg.com/@rolldown/binding-darwin-x64/-/binding-darwin-x64-1.0.0.tgz#4649bb4db634850f6de2b2f1ec37fc39a18adcf8"
  integrity sha512-iN/tWVXRQDWvmZlKdceP1Dwug9GDpEymhb9p4xnEe6zvCg5lFmzVljl+1qR1NVx3yfGpr2Na+CuLmv5IU8uzfQ==

"@rolldown/binding-freebsd-x64@1.0.0":
  version "1.0.0"
  resolved "https://registry.yarnpkg.com/@rolldown/binding-freebsd-x64/-/binding-freebsd-x64-1.0.0.tgz#2b0e50fdc926fa9680dca9d6acc4c3729b7df899"
  integrity sha512-jjQMDvvwSOuhOwMszD/klSOjyWMM3zI64hWTj9KT5x4MxRbZAf+7vLQ6qouRhtsLVFHr3f0ILaJAfgENPiQdAQ==

"@rolldown/binding-linux-arm-gnueabihf@1.0.0":
  version "1.0.0"
  resolved "https://registry.yarnpkg.com/@rolldown/binding-linux-arm-gnueabihf/-/binding-linux-arm-gnueabihf-1.0.0.tgz#8fd160371f4c160a2fa52de8f9ede51fbd43fc5b"
  integrity sha512-d//Dtg2x6/m3mbV64yUGNnDGNZaDGRpDLLNGerHQUVObuNaIQaaDp25yUiqGXtHEXX+NP2d0wAlmKgpYgIAJ2A==

"@rolldown/binding-linux-arm64-gnu@1.0.0":
  version "1.0.0"
  resolved "https://registry.yarnpkg.com/@rolldown/binding-linux-arm64-gnu/-/binding-linux-arm64-gnu-1.0.0.tgz#9915488c96cb0fc49a70bd27c030def3cbbc8cbb"
  integrity sha512-n7Ofp0mx+aB2cC+Sdy5YtMnXtY9lchnHbY+3Yt0uq9JsWQExf4f5Whu0tK0R8Jdc9S6RchTHjIFY7uc92puOVQ==

"@rolldown/binding-linux-arm64-musl@1.0.0":
  version "1.0.0"
  resolved "https://registry.yarnpkg.com/@rolldown/binding-linux-arm64-musl/-/binding-linux-arm64-musl-1.0.0.tgz#74bb160f2747404eed2f917bea01b0548c783848"
  integrity sha512-EIVjy2cgd7uuMMo94FVkBp7F6DhcZAUwNURkSG3RwUmvAXR6s0ISxM81U+IydcZByPG0pZIHsf1b6kTxoFDgJA==

"@rolldown/binding-linux-ppc64-gnu@1.0.0":
  version "1.0.0"
  resolved "https://registry.yarnpkg.com/@rolldown/binding-linux-ppc64-gnu/-/binding-linux-ppc64-gnu-1.0.0.tgz#fdc876160b6738ff34a7d719c4ea42edb38a70bc"
  integrity sha512-JEwwOPcwTLAcpDQlqSmjEmfs63xJnSiUNIGvLcDLUHCWK4XowpS/7c7tUsUH6uT/ct6bMUTdXKfI8967FYj6mg==

"@rolldown/binding-linux-s390x-gnu@1.0.0":
  version "1.0.0"
  resolved "https://registry.yarnpkg.com/@rolldown/binding-linux-s390x-gnu/-/binding-linux-s390x-gnu-1.0.0.tgz#39668ce16e8c2ac16308fdb7116ebd5b44acab65"
  integrity sha512-0wjCFhLrihtAubnT9iA0N++0pSV0z5Hg7tNGdNJ4RFaINceHadoF+kiFGyY1qSSNVIAZtLotG8Ju1bgDPkjnFA==

"@rolldown/binding-linux-x64-gnu@1.0.0":
  version "1.0.0"
  resolved "https://registry.yarnpkg.com/@rolldown/binding-linux-x64-gnu/-/binding-linux-x64-gnu-1.0.0.tgz#02a7e4a0fa3af90bf4e937ecd1f4c0dc07ab2397"
  integrity sha512-Dfn7iak9BcMMePxcoJfpSbWqnEyrp/dRF63/8qW/eHBdOZov6x5aShLLEYGYdIeSJ6vMLK/XCVB+lGIxm41bQA==

"@rolldown/binding-linux-x64-musl@1.0.0":
  version "1.0.0"
  resolved "https://registry.yarnpkg.com/@rolldown/binding-linux-x64-musl/-/binding-linux-x64-musl-1.0.0.tgz#610a08a3055d21f287c550e16a5541501883f2b1"
  integrity sha512-5/utzzDmD/pD/bmuaUcbTf/sZYy0aztwIVlfpoW1fTjCZ0BaPOMVWGZL1zvgxyi7ZIVYWlxKONHmSbHuiOh8Jw==

"@rolldown/binding-openharmony-arm64@1.0.0":
  version "1.0.0"
  resolved "https://registry.yarnpkg.com/@rolldown/binding-openharmony-arm64/-/binding-openharmony-arm64-1.0.0.tgz#62e5da4d623b446a57c9f472b598fedaf5289a3d"
  integrity sha512-ouJs8VcUomfLfpbUECqFMRqdV4x6aeAK3MA4m6vTrJJjKyWTV5KnxZx7Jd9G+GlDaQQxubcba00x16OyJ1meig==

"@rolldown/binding-wasm32-wasi@1.0.0":
  version "1.0.0"
  resolved "https://registry.yarnpkg.com/@rolldown/binding-wasm32-wasi/-/binding-wasm32-wasi-1.0.0.tgz#57191a2986e7f43a920fc618da92f29b0b8123c9"
  integrity sha512-E+oHKGiDA+lsKMmFtffDDw91EryDT7uJocrIuCHqhm6bCTM6xFK+3gaCkYOHfPwQr0cCNarSM2xaELoQDz9jJg==
  dependencies:
    "@emnapi/core" "1.10.0"
    "@emnapi/runtime" "1.10.0"
    "@napi-rs/wasm-runtime" "^1.1.4"

"@rolldown/binding-win32-arm64-msvc@1.0.0":
  version "1.0.0"
  resolved "https://registry.yarnpkg.com/@rolldown/binding-win32-arm64-msvc/-/binding-win32-arm64-msvc-1.0.0.tgz#77faf1e28521411bd0be6f4e55f3c4c5f17cd619"
  integrity sha512-yYK02n8Rngo+gbm1y6G0+7jk1sJ/2Wt7K0me0Y7k/ErBpyf+LJ2gFpqWVTcRV1rUepBlQRmpgWkTQCiiwrK0Ow==

"@rolldown/binding-win32-x64-msvc@1.0.0":
  version "1.0.0"
  resolved "https://registry.yarnpkg.com/@rolldown/binding-win32-x64-msvc/-/binding-win32-x64-msvc-1.0.0.tgz#980a8f9983b0bd3d35ee867ade85cb020eca27ba"
  integrity sha512-14bpChMahXRRXiTwahSl+zzHPW6qQTXtkMuJBFlbo+pqSAews2d4BdCSHfrJ/MBsCZtpmTafsY+1QhBzitcmdg==

"@rolldown/pluginutils@1.0.0":
  version "1.0.0"
  resolved "https://registry.yarnpkg.com/@rolldown/pluginutils/-/pluginutils-1.0.0.tgz#d660b953fd500d552fc17213f279e29037f08c2d"
  integrity sha512-aKs/3GSWyV0mrhNmt/96/Z3yczC3yvrzYATCiCXQebBsGyYzjNdUphRVLeJQ67ySKVXRfMxt2lm12pmXvbPFQQ==

"@rolldown/pluginutils@1.0.0-beta.29":
  version "1.0.0-beta.29"
  resolved "https://registry.yarnpkg.com/@rolldown/pluginutils/-/pluginutils-1.0.0-beta.29.tgz#f8fc9a8788757dccba0d3b7fee93183621773d4c"
  integrity sha512-NIJgOsMjbxAXvoGq/X0gD7VPMQ8j9g0BiDaNjVNVjvl+iKXxL3Jre0v31RmBYeLEmkbj2s02v8vFTbUXi5XS2Q==

"@simonwep/pickr@1.9.0":
  version "1.9.0"
  resolved "https://registry.yarnpkg.com/@simonwep/pickr/-/pickr-1.9.0.tgz#1640651ff04e76b48d805dc186c6513087a704a3"
  integrity sha512-oEYvv15PyfZzjoAzvXYt3UyNGwzsrpFxLaZKzkOSd0WYBVwLd19iJerePDONxC1iF6+DpcswPdLIM2KzCJuYFg==
  dependencies:
    core-js "3.32.2"
    nanopop "2.3.0"

"@tybys/wasm-util@^0.10.1":
  version "0.10.2"
  resolved "https://registry.yarnpkg.com/@tybys/wasm-util/-/wasm-util-0.10.2.tgz#12b3a1b33db1f9cad4ddff1f604ab7dd00bf464e"
  integrity sha512-RoBvJ2X0wuKlWFIjrwffGw1IqZHKQqzIchKaadZZfnNpsAYp2mM0h36JtPCjNDAHGgYez/15uMBpfGwchhiMgg==
  dependencies:
    tslib "^2.4.0"

"@types/node@^24.6.0":
  version "24.7.2"
  resolved "https://registry.yarnpkg.com/@types/node/-/node-24.7.2.tgz#5adf66b6e2ac5cab1d10a2ad3682e359cb652f4a"
  integrity sha512-/NbVmcGTP+lj5oa4yiYxxeBjRivKQ5Ns1eSZeB99ExsEQ6rX5XYU1Zy/gGxY/ilqtD4Etx9mKyrPxZRetiahhA==
  dependencies:
    undici-types "~7.14.0"

"@vitejs/plugin-vue@^6.0.1":
  version "6.0.1"
  resolved "https://registry.yarnpkg.com/@vitejs/plugin-vue/-/plugin-vue-6.0.1.tgz#4c7f559621af104a22255c6ace5626e6d8349689"
  integrity sha512-+MaE752hU0wfPFJEUAIxqw18+20euHHdxVtMvbFcOEpjEyfqXH/5DCoTHiVJ0J29EhTJdoTkjEv5YBKU9dnoTw==
  dependencies:
    "@rolldown/pluginutils" "1.0.0-beta.29"

"@volar/language-core@2.4.23":
  version "2.4.23"
  resolved "https://registry.yarnpkg.com/@volar/language-core/-/language-core-2.4.23.tgz#deb6dbc5fdbafa9bb7ba691fc59cb196cdb856d3"
  integrity sha512-hEEd5ET/oSmBC6pi1j6NaNYRWoAiDhINbT8rmwtINugR39loROSlufGdYMF9TaKGfz+ViGs1Idi3mAhnuPcoGQ==
  dependencies:
    "@volar/source-map" "2.4.23"

"@volar/source-map@2.4.23":
  version "2.4.23"
  resolved "https://registry.yarnpkg.com/@volar/source-map/-/source-map-2.4.23.tgz#d476e11a3a669d89858a5eb38b02342be39b0e44"
  integrity sha512-Z1Uc8IB57Lm6k7q6KIDu/p+JWtf3xsXJqAX/5r18hYOTpJyBn0KXUR8oTJ4WFYOcDzWC9n3IflGgHowx6U6z9Q==

"@volar/typescript@2.4.23":
  version "2.4.23"
  resolved "https://registry.yarnpkg.com/@volar/typescript/-/typescript-2.4.23.tgz#b9b114ea01ad0ad977139edda0239fdafdb21ad7"
  integrity sha512-lAB5zJghWxVPqfcStmAP1ZqQacMpe90UrP5RJ3arDyrhy4aCUQqmxPPLB2PWDKugvylmO41ljK7vZ+t6INMTag==
  dependencies:
    "@volar/language-core" "2.4.23"
    path-browserify "^1.0.1"
    vscode-uri "^3.0.8"

"@vue-office/docx@^1.6.3":
  version "1.6.3"
  resolved "https://registry.yarnpkg.com/@vue-office/docx/-/docx-1.6.3.tgz#0c183b13553c029fea702eb8b8b4260a7e1f0961"
  integrity sha512-Cs+3CAaRBOWOiW4XAhTwwxJ0dy8cPIf6DqfNvYcD3YACiLwO4kuawLF2IAXxyijhbuOeoFsfvoVbOc16A/4bZA==

"@vue-office/excel@^1.7.14":
  version "1.7.14"
  resolved "https://registry.yarnpkg.com/@vue-office/excel/-/excel-1.7.14.tgz#6e1446abae9690a09eed6f5e8c09bb923b3d5b10"
  integrity sha512-pVUgt+emDQUnW7q22CfnQ+jl43mM/7IFwYzOg7lwOwPEbiVB4K4qEQf+y/bc4xGXz75w1/e3Kz3G6wAafmFBFg==

"@vue-office/pptx@^1.0.1":
  version "1.0.1"
  resolved "https://registry.yarnpkg.com/@vue-office/pptx/-/pptx-1.0.1.tgz#f34d5a7aa78cd534c5724540dbe53f0539e94b3e"
  integrity sha512-+V7Kctzl6f6+Yk4NaD/wQGRIkqLWcowe0jEhPexWQb8Oilbzt1OyhWRWcMsxNDTdrgm6aMLP+0/tmw27cxddMg==

"@vue/compiler-core@3.5.22":
  version "3.5.22"
  resolved "https://registry.yarnpkg.com/@vue/compiler-core/-/compiler-core-3.5.22.tgz#bb8294a0dd31df540563cc6ffa0456f1f7687b97"
  integrity sha512-jQ0pFPmZwTEiRNSb+i9Ow/I/cHv2tXYqsnHKKyCQ08irI2kdF5qmYedmF8si8mA7zepUFmJ2hqzS8CQmNOWOkQ==
  dependencies:
    "@babel/parser" "^7.28.4"
    "@vue/shared" "3.5.22"
    entities "^4.5.0"
    estree-walker "^2.0.2"
    source-map-js "^1.2.1"

"@vue/compiler-dom@3.5.22", "@vue/compiler-dom@^3.5.0":
  version "3.5.22"
  resolved "https://registry.yarnpkg.com/@vue/compiler-dom/-/compiler-dom-3.5.22.tgz#6c9c2c9843520f6d3dbc685e5d0e1e12a2c04c56"
  integrity sha512-W8RknzUM1BLkypvdz10OVsGxnMAuSIZs9Wdx1vzA3mL5fNMN15rhrSCLiTm6blWeACwUwizzPVqGJgOGBEN/hA==
  dependencies:
    "@vue/compiler-core" "3.5.22"
    "@vue/shared" "3.5.22"

"@vue/compiler-sfc@3.5.22":
  version "3.5.22"
  resolved "https://registry.yarnpkg.com/@vue/compiler-sfc/-/compiler-sfc-3.5.22.tgz#663a8483b1dda8de83b6fa1aab38a52bf73dd965"
  integrity sha512-tbTR1zKGce4Lj+JLzFXDq36K4vcSZbJ1RBu8FxcDv1IGRz//Dh2EBqksyGVypz3kXpshIfWKGOCcqpSbyGWRJQ==
  dependencies:
    "@babel/parser" "^7.28.4"
    "@vue/compiler-core" "3.5.22"
    "@vue/compiler-dom" "3.5.22"
    "@vue/compiler-ssr" "3.5.22"
    "@vue/shared" "3.5.22"
    estree-walker "^2.0.2"
    magic-string "^0.30.19"
    postcss "^8.5.6"
    source-map-js "^1.2.1"

"@vue/compiler-ssr@3.5.22":
  version "3.5.22"
  resolved "https://registry.yarnpkg.com/@vue/compiler-ssr/-/compiler-ssr-3.5.22.tgz#a0ef16e364731b25e79a13470569066af101320f"
  integrity sha512-GdgyLvg4R+7T8Nk2Mlighx7XGxq/fJf9jaVofc3IL0EPesTE86cP/8DD1lT3h1JeZr2ySBvyqKQJgbS54IX1Ww==
  dependencies:
    "@vue/compiler-dom" "3.5.22"
    "@vue/shared" "3.5.22"

"@vue/devtools-api@^6.6.4":
  version "6.6.4"
  resolved "https://registry.yarnpkg.com/@vue/devtools-api/-/devtools-api-6.6.4.tgz#cbe97fe0162b365edc1dba80e173f90492535343"
  integrity sha512-sGhTPMuXqZ1rVOk32RylztWkfXTRhuS7vgAKv0zjqk8gbsHkJ7xfFf+jbySxt7tWObEJwyKaHMikV/WGDiQm8g==

"@vue/language-core@3.1.1":
  version "3.1.1"
  resolved "https://registry.yarnpkg.com/@vue/language-core/-/language-core-3.1.1.tgz#29f32ca1fc5f1393f20e3eb9154a18914c813354"
  integrity sha512-qjMY3Q+hUCjdH+jLrQapqgpsJ0rd/2mAY02lZoHG3VFJZZZKLjAlV+Oo9QmWIT4jh8+Rx8RUGUi++d7T9Wb6Mw==
  dependencies:
    "@volar/language-core" "2.4.23"
    "@vue/compiler-dom" "^3.5.0"
    "@vue/shared" "^3.5.0"
    alien-signals "^3.0.0"
    muggle-string "^0.4.1"
    path-browserify "^1.0.1"
    picomatch "^4.0.2"

"@vue/reactivity@3.5.22":
  version "3.5.22"
  resolved "https://registry.yarnpkg.com/@vue/reactivity/-/reactivity-3.5.22.tgz#9b26f8557c96df46c9a859914a2229f3ca5b8f4f"
  integrity sha512-f2Wux4v/Z2pqc9+4SmgZC1p73Z53fyD90NFWXiX9AKVnVBEvLFOWCEgJD3GdGnlxPZt01PSlfmLqbLYzY/Fw4A==
  dependencies:
    "@vue/shared" "3.5.22"

"@vue/runtime-core@3.5.22":
  version "3.5.22"
  resolved "https://registry.yarnpkg.com/@vue/runtime-core/-/runtime-core-3.5.22.tgz#e004c1e35f423555a0e4c10646ef3e9d380643d1"
  integrity sha512-EHo4W/eiYeAzRTN5PCextDUZ0dMs9I8mQ2Fy+OkzvRPUYQEyK9yAjbasrMCXbLNhF7P0OUyivLjIy0yc6VrLJQ==
  dependencies:
    "@vue/reactivity" "3.5.22"
    "@vue/shared" "3.5.22"

"@vue/runtime-dom@3.5.22":
  version "3.5.22"
  resolved "https://registry.yarnpkg.com/@vue/runtime-dom/-/runtime-dom-3.5.22.tgz#01276cea7cb9ac2b9aba046adfb5903b494e2e7e"
  integrity sha512-Av60jsryAkI023PlN7LsqrfPvwfxOd2yAwtReCjeuugTJTkgrksYJJstg1e12qle0NarkfhfFu1ox2D+cQotww==
  dependencies:
    "@vue/reactivity" "3.5.22"
    "@vue/runtime-core" "3.5.22"
    "@vue/shared" "3.5.22"
    csstype "^3.1.3"

"@vue/server-renderer@3.5.22":
  version "3.5.22"
  resolved "https://registry.yarnpkg.com/@vue/server-renderer/-/server-renderer-3.5.22.tgz#d134e3409094044bd066d9803714677457756157"
  integrity sha512-gXjo+ao0oHYTSswF+a3KRHZ1WszxIqO7u6XwNHqcqb9JfyIL/pbWrrh/xLv7jeDqla9u+LK7yfZKHih1e1RKAQ==
  dependencies:
    "@vue/compiler-ssr" "3.5.22"
    "@vue/shared" "3.5.22"

"@vue/shared@3.5.22", "@vue/shared@^3.5.0":
  version "3.5.22"
  resolved "https://registry.yarnpkg.com/@vue/shared/-/shared-3.5.22.tgz#9d56a1644a3becb8af1e34655928b0e288d827f8"
  integrity sha512-F4yc6palwq3TT0u+FYf0Ns4Tfl9GRFURDN2gWG7L1ecIaS/4fCIuFOjMTnCyjsu/OK6vaDKLCrGAa+KvvH+h4w==

"@vue/tsconfig@^0.8.1":
  version "0.8.1"
  resolved "https://registry.yarnpkg.com/@vue/tsconfig/-/tsconfig-0.8.1.tgz#4732251fa58945024424385cf3be0b1708fad5fe"
  integrity sha512-aK7feIWPXFSUhsCP9PFqPyFOcz4ENkb8hZ2pneL6m2UjCkccvaOhC/5KCKluuBufvp2KzkbdA2W2pk20vLzu3g==

alien-signals@^3.0.0:
  version "3.0.0"
  resolved "https://registry.yarnpkg.com/alien-signals/-/alien-signals-3.0.0.tgz#e1e5259a3bfcec740a46ee2c67f176184be89457"
  integrity sha512-JHoRJf18Y6HN4/KZALr3iU+0vW9LKG+8FMThQlbn4+gv8utsLIkwpomjElGPccGeNwh0FI2HN6BLnyFLo6OyLQ==

anymatch@~3.1.2:
  version "3.1.3"
  resolved "https://registry.yarnpkg.com/anymatch/-/anymatch-3.1.3.tgz#790c58b19ba1720a84205b57c618d5ad8524973e"
  integrity sha512-KMReFUr0B4t+D+OBkjR3KYqvocp2XaSzO55UcB6mgQMd3KbcE+mWTyvVV7D/zsdEbNnV6acZUutkiHQXvTr1Rw==
  dependencies:
    normalize-path "^3.0.0"
    picomatch "^2.0.4"

binary-extensions@^2.0.0:
  version "2.3.0"
  resolved "https://registry.yarnpkg.com/binary-extensions/-/binary-extensions-2.3.0.tgz#f6e14a97858d327252200242d4ccfe522c445522"
  integrity sha512-Ceh+7ox5qe7LJuLHoY0feh3pHuUDHAcRUeyL2VYghZwfpkNIy/+8Ocg0a3UuSoYzavmylwuLWQOf3hl0jjMMIw==

bindings@^1.3.0:
  version "1.5.0"
  resolved "https://registry.yarnpkg.com/bindings/-/bindings-1.5.0.tgz#10353c9e945334bc0511a6d90b38fbc7c9c504df"
  integrity sha512-p2q/t/mhvuOj/UeLlV6566GD/guowlr0hHxClI0W9m7MWYkL1F0hLo+0Aexs9HSPCtR1SXQ0TD3MMKrXZajbiQ==
  dependencies:
    file-uri-to-path "1.0.0"

braces@~3.0.2:
  version "3.0.3"
  resolved "https://registry.yarnpkg.com/braces/-/braces-3.0.3.tgz#490332f40919452272d55a8480adc0c441358789"
  integrity sha512-yQbXgO/OSZVD2IsiLlro+7Hf6Q18EJrKSEsdoMzKePKXct3gvD8oLcOQdIzGupr5Fj+EDe8gO/lxc1BzfMpxvA==
  dependencies:
    fill-range "^7.1.1"

chokidar@^3.6.0:
  version "3.6.0"
  resolved "https://registry.yarnpkg.com/chokidar/-/chokidar-3.6.0.tgz#197c6cc669ef2a8dc5e7b4d97ee4e092c3eb0d5b"
  integrity sha512-7VT13fmjotKpGipCW9JEQAusEPE+Ei8nl6/g4FBAmIm0GOOLMua9NDDo/DWp0ZAxCr3cPq5ZpBqmPAQgDda2Pw==
  dependencies:
    anymatch "~3.1.2"
    braces "~3.0.2"
    glob-parent "~5.1.2"
    is-binary-path "~2.1.0"
    is-glob "~4.0.1"
    normalize-path "~3.0.0"
    readdirp "~3.6.0"
  optionalDependencies:
    fsevents "~2.3.2"

core-js@3.32.2:
  version "3.32.2"
  resolved "https://registry.yarnpkg.com/core-js/-/core-js-3.32.2.tgz#172fb5949ef468f93b4be7841af6ab1f21992db7"
  integrity sha512-pxXSw1mYZPDGvTQqEc5vgIb83jGQKFGYWY76z4a7weZXUolw3G+OvpZqSRcfYOoOVUQJYEPsWeQK8pKEnUtWxQ==

csstype@^3.1.3:
  version "3.1.3"
  resolved "https://registry.yarnpkg.com/csstype/-/csstype-3.1.3.tgz#d80ff294d114fb0e6ac500fbf85b60137d7eff81"
  integrity sha512-M1uQkMl8rQK/szD0LNhtqxIPLpimGm8sOBwU7lLnCpSbTyY3yeU1Vc7l4KT5zT4s/yOxHH5O7tIuuLOCnLADRw==

detect-libc@^2.0.3:
  version "2.1.2"
  resolved "https://registry.yarnpkg.com/detect-libc/-/detect-libc-2.1.2.tgz#689c5dcdc1900ef5583a4cb9f6d7b473742074ad"
  integrity sha512-Btj2BOOO83o3WyH59e8MgXsxEQVcarkUOpEYrubB0urwnN10yQ364rsiByU11nZlqWYZm05i/of7io4mzihBtQ==

entities@^4.5.0:
  version "4.5.0"
  resolved "https://registry.yarnpkg.com/entities/-/entities-4.5.0.tgz#5d268ea5e7113ec74c4d033b79ea5a35a488fb48"
  integrity sha512-V0hjH4dGPh9Ao5p0MoRY6BVqtwCjhz6vI5LT8AJ55H+4g9/4vbHx1I54fS0XuclLhDHArPQCiMjDxjaL8fPxhw==

estree-walker@^2.0.2:
  version "2.0.2"
  resolved "https://registry.yarnpkg.com/estree-walker/-/estree-walker-2.0.2.tgz#52f010178c2a4c117a7757cfe942adb7d2da4cac"
  integrity sha512-Rfkk/Mp/DL7JVje3u18FxFujQlTNR2q6QfMSMB7AvCBx91NGj/ba3kCfza0f6dVDbw7YlRf/nDrn7pQrCCyQ/w==

fdir@^6.5.0:
  version "6.5.0"
  resolved "https://registry.yarnpkg.com/fdir/-/fdir-6.5.0.tgz#ed2ab967a331ade62f18d077dae192684d50d350"
  integrity sha512-tIbYtZbucOs0BRGqPJkshJUYdL+SDH7dVM8gjy+ERp3WAUjLEFJE+02kanyHtwjWOnwrKYBiwAmM0p4kLJAnXg==

fflate@0.8.2:
  version "0.8.2"
  resolved "https://registry.yarnpkg.com/fflate/-/fflate-0.8.2.tgz#fc8631f5347812ad6028bbe4a2308b2792aa1dea"
  integrity sha512-cPJU47OaAoCbg0pBvzsgpTPhmhqI5eJjh/JIu8tPj5q+T7iLvW/JAYUqmE7KOB4R1ZyEhzBaIQpQpardBF5z8A==

file-uri-to-path@1.0.0:
  version "1.0.0"
  resolved "https://registry.yarnpkg.com/file-uri-to-path/-/file-uri-to-path-1.0.0.tgz#553a7b8446ff6f684359c445f1e37a05dacc33dd"
  integrity sha512-0Zt+s3L7Vf1biwWZ29aARiVYLx7iMGnEUl9x33fbB/j3jR81u/O2LbqK+Bm1CDSNDKVtJ/YjwY7TUd5SkeLQLw==

fill-range@^7.1.1:
  version "7.1.1"
  resolved "https://registry.yarnpkg.com/fill-range/-/fill-range-7.1.1.tgz#44265d3cac07e3ea7dc247516380643754a05292"
  integrity sha512-YsGpe3WHLK8ZYi4tWDg2Jy3ebRz2rXowDxnld4bkQB00cc/1Zw9AWnC0i9ztDJitivtQvaI9KaLyKrc+hBW0yg==
  dependencies:
    to-regex-range "^5.0.1"

fs-extra@^11.3.2:
  version "11.3.2"
  resolved "https://registry.yarnpkg.com/fs-extra/-/fs-extra-11.3.2.tgz#c838aeddc6f4a8c74dd15f85e11fe5511bfe02a4"
  integrity sha512-Xr9F6z6up6Ws+NjzMCZc6WXg2YFRlrLP9NQDO3VQrWrfiojdhS56TzueT88ze0uBdCTwEIhQ3ptnmKeWGFAe0A==
  dependencies:
    graceful-fs "^4.2.0"
    jsonfile "^6.0.1"
    universalify "^2.0.0"

fsevents@~2.3.2, fsevents@~2.3.3:
  version "2.3.3"
  resolved "https://registry.yarnpkg.com/fsevents/-/fsevents-2.3.3.tgz#cac6407785d03675a2a5e1a5305c697b347d90d6"
  integrity sha512-5xoDfX+fL7faATnagmWPpbFtwh/R77WmMMqqHGS65C3vvB0YHrgF+B1YmZ3441tMj5n63k0212XNoJwzlhffQw==

glob-parent@~5.1.2:
  version "5.1.2"
  resolved "https://registry.yarnpkg.com/glob-parent/-/glob-parent-5.1.2.tgz#869832c58034fe68a4093c17dc15e8340d8401c4"
  integrity sha512-AOIgSQCepiJYwP3ARnGx+5VnTu2HBYdzbGP45eLw1vr3zB3vZLeyed1sC9hnbcOc9/SrMyM5RPQrkGz4aS9Zow==
  dependencies:
    is-glob "^4.0.1"

graceful-fs@^4.1.6, graceful-fs@^4.2.0:
  version "4.2.11"
  resolved "https://registry.yarnpkg.com/graceful-fs/-/graceful-fs-4.2.11.tgz#4183e4e8bf08bb6e05bbb2f7d2e0c8f712ca40e3"
  integrity sha512-RbJ5/jmFcNNCcDV5o9eTnBLJ/HszWV0P73bc+Ff4nS/rJj+YaS6IGyiOL0VoBYX+l1Wrl3k63h/KrH+nhJ0XvQ==

is-binary-path@~2.1.0:
  version "2.1.0"
  resolved "https://registry.yarnpkg.com/is-binary-path/-/is-binary-path-2.1.0.tgz#ea1f7f3b80f064236e83470f86c09c254fb45b09"
  integrity sha512-ZMERYes6pDydyuGidse7OsHxtbI7WVeUEozgR/g7rd0xUimYNlvZRE/K2MgZTjWy725IfelLeVcEM97mmtRGXw==
  dependencies:
    binary-extensions "^2.0.0"

is-extglob@^2.1.1:
  version "2.1.1"
  resolved "https://registry.yarnpkg.com/is-extglob/-/is-extglob-2.1.1.tgz#a88c02535791f02ed37c76a1b9ea9773c833f8c2"
  integrity sha512-SbKbANkN603Vi4jEZv49LeVJMn4yGwsbzZworEoyEiutsN3nJYdbO36zfhGJ6QEDpOZIFkDtnq5JRxmvl3jsoQ==

is-glob@^4.0.1, is-glob@~4.0.1:
  version "4.0.3"
  resolved "https://registry.yarnpkg.com/is-glob/-/is-glob-4.0.3.tgz#64f61e42cbbb2eec2071a9dac0b28ba1e65d5084"
  integrity sha512-xelSayHH36ZgE7ZWhli7pW34hNbNl8Ojv5KVmkJD4hBdD3th8Tfk9vYasLM+mXWOZhFkgZfxhLSnrwRr4elSSg==
  dependencies:
    is-extglob "^2.1.1"

is-number@^7.0.0:
  version "7.0.0"
  resolved "https://registry.yarnpkg.com/is-number/-/is-number-7.0.0.tgz#7535345b896734d5f80c4d06c50955527a14f12b"
  integrity sha512-41Cifkg6e8TylSpdtTpeLVMqvSBEVzTttHvERD741+pnZ8ANv0004MRL43QKPDlK9cGvNp6NZWZUBlbGXYxxng==

jsonfile@^6.0.1:
  version "6.2.0"
  resolved "https://registry.yarnpkg.com/jsonfile/-/jsonfile-6.2.0.tgz#7c265bd1b65de6977478300087c99f1c84383f62"
  integrity sha512-FGuPw30AdOIUTRMC2OMRtQV+jkVj2cfPqSeWXv1NEAJ1qZ5zb1X6z1mFhbfOB/iy3ssJCD+3KuZ8r8C3uVFlAg==
  dependencies:
    universalify "^2.0.0"
  optionalDependencies:
    graceful-fs "^4.1.6"

lightningcss-android-arm64@1.32.0:
  version "1.32.0"
  resolved "https://registry.yarnpkg.com/lightningcss-android-arm64/-/lightningcss-android-arm64-1.32.0.tgz#f033885116dfefd9c6f54787523e3514b61e1968"
  integrity sha512-YK7/ClTt4kAK0vo6w3X+Pnm0D2cf2vPHbhOXdoNti1Ga0al1P4TBZhwjATvjNwLEBCnKvjJc2jQgHXH0NEwlAg==

lightningcss-darwin-arm64@1.32.0:
  version "1.32.0"
  resolved "https://registry.yarnpkg.com/lightningcss-darwin-arm64/-/lightningcss-darwin-arm64-1.32.0.tgz#50b71871b01c8199584b649e292547faea7af9b5"
  integrity sha512-RzeG9Ju5bag2Bv1/lwlVJvBE3q6TtXskdZLLCyfg5pt+HLz9BqlICO7LZM7VHNTTn/5PRhHFBSjk5lc4cmscPQ==

lightningcss-darwin-x64@1.32.0:
  version "1.32.0"
  resolved "https://registry.yarnpkg.com/lightningcss-darwin-x64/-/lightningcss-darwin-x64-1.32.0.tgz#35f3e97332d130b9ca181e11b568ded6aebc6d5e"
  integrity sha512-U+QsBp2m/s2wqpUYT/6wnlagdZbtZdndSmut/NJqlCcMLTWp5muCrID+K5UJ6jqD2BFshejCYXniPDbNh73V8w==

lightningcss-freebsd-x64@1.32.0:
  version "1.32.0"
  resolved "https://registry.yarnpkg.com/lightningcss-freebsd-x64/-/lightningcss-freebsd-x64-1.32.0.tgz#9777a76472b64ed6ff94342ad64c7bafd794a575"
  integrity sha512-JCTigedEksZk3tHTTthnMdVfGf61Fky8Ji2E4YjUTEQX14xiy/lTzXnu1vwiZe3bYe0q+SpsSH/CTeDXK6WHig==

lightningcss-linux-arm-gnueabihf@1.32.0:
  version "1.32.0"
  resolved "https://registry.yarnpkg.com/lightningcss-linux-arm-gnueabihf/-/lightningcss-linux-arm-gnueabihf-1.32.0.tgz#13ae652e1ab73b9135d7b7da172f666c410ad53d"
  integrity sha512-x6rnnpRa2GL0zQOkt6rts3YDPzduLpWvwAF6EMhXFVZXD4tPrBkEFqzGowzCsIWsPjqSK+tyNEODUBXeeVHSkw==

lightningcss-linux-arm64-gnu@1.32.0:
  version "1.32.0"
  resolved "https://registry.yarnpkg.com/lightningcss-linux-arm64-gnu/-/lightningcss-linux-arm64-gnu-1.32.0.tgz#417858795a94592f680123a1b1f9da8a0e1ef335"
  integrity sha512-0nnMyoyOLRJXfbMOilaSRcLH3Jw5z9HDNGfT/gwCPgaDjnx0i8w7vBzFLFR1f6CMLKF8gVbebmkUN3fa/kQJpQ==

lightningcss-linux-arm64-musl@1.32.0:
  version "1.32.0"
  resolved "https://registry.yarnpkg.com/lightningcss-linux-arm64-musl/-/lightningcss-linux-arm64-musl-1.32.0.tgz#6be36692e810b718040802fd809623cffe732133"
  integrity sha512-UpQkoenr4UJEzgVIYpI80lDFvRmPVg6oqboNHfoH4CQIfNA+HOrZ7Mo7KZP02dC6LjghPQJeBsvXhJod/wnIBg==

lightningcss-linux-x64-gnu@1.32.0:
  version "1.32.0"
  resolved "https://registry.yarnpkg.com/lightningcss-linux-x64-gnu/-/lightningcss-linux-x64-gnu-1.32.0.tgz#0b7803af4eb21cfd38dd39fe2abbb53c7dd091f6"
  integrity sha512-V7Qr52IhZmdKPVr+Vtw8o+WLsQJYCTd8loIfpDaMRWGUZfBOYEJeyJIkqGIDMZPwPx24pUMfwSxxI8phr/MbOA==

lightningcss-linux-x64-musl@1.32.0:
  version "1.32.0"
  resolved "https://registry.yarnpkg.com/lightningcss-linux-x64-musl/-/lightningcss-linux-x64-musl-1.32.0.tgz#88dc8ba865ddddb1ac5ef04b0f161804418c163b"
  integrity sha512-bYcLp+Vb0awsiXg/80uCRezCYHNg1/l3mt0gzHnWV9XP1W5sKa5/TCdGWaR/zBM2PeF/HbsQv/j2URNOiVuxWg==

lightningcss-win32-arm64-msvc@1.32.0:
  version "1.32.0"
  resolved "https://registry.yarnpkg.com/lightningcss-win32-arm64-msvc/-/lightningcss-win32-arm64-msvc-1.32.0.tgz#4f30ba3fa5e925f5b79f945e8cc0d176c3b1ab38"
  integrity sha512-8SbC8BR40pS6baCM8sbtYDSwEVQd4JlFTOlaD3gWGHfThTcABnNDBda6eTZeqbofalIJhFx0qKzgHJmcPTnGdw==

lightningcss-win32-x64-msvc@1.32.0:
  version "1.32.0"
  resolved "https://registry.yarnpkg.com/lightningcss-win32-x64-msvc/-/lightningcss-win32-x64-msvc-1.32.0.tgz#141aa5605645064928902bb4af045fa7d9f4220a"
  integrity sha512-Amq9B/SoZYdDi1kFrojnoqPLxYhQ4Wo5XiL8EVJrVsB8ARoC1PWW6VGtT0WKCemjy8aC+louJnjS7U18x3b06Q==

lightningcss@^1.32.0:
  version "1.32.0"
  resolved "https://registry.yarnpkg.com/lightningcss/-/lightningcss-1.32.0.tgz#b85aae96486dcb1bf49a7c8571221273f4f1e4a9"
  integrity sha512-NXYBzinNrblfraPGyrbPoD19C1h9lfI/1mzgWYvXUTe414Gz/X1FD2XBZSZM7rRTrMA8JL3OtAaGifrIKhQ5yQ==
  dependencies:
    detect-libc "^2.0.3"
  optionalDependencies:
    lightningcss-android-arm64 "1.32.0"
    lightningcss-darwin-arm64 "1.32.0"
    lightningcss-darwin-x64 "1.32.0"
    lightningcss-freebsd-x64 "1.32.0"
    lightningcss-linux-arm-gnueabihf "1.32.0"
    lightningcss-linux-arm64-gnu "1.32.0"
    lightningcss-linux-arm64-musl "1.32.0"
    lightningcss-linux-x64-gnu "1.32.0"
    lightningcss-linux-x64-musl "1.32.0"
    lightningcss-win32-arm64-msvc "1.32.0"
    lightningcss-win32-x64-msvc "1.32.0"

lodash-es@^4.18.0:
  version "4.18.1"
  resolved "https://registry.yarnpkg.com/lodash-es/-/lodash-es-4.18.1.tgz#b962eeb80d9d983a900bf342961fb7418ca10b1d"
  integrity sha512-J8xewKD/Gk22OZbhpOVSwcs60zhd95ESDwezOFuA3/099925PdHJ7OFHNTGtajL3AlZkykD32HykiMo+BIBI8A==

loglevel@^1.9.1:
  version "1.9.2"
  resolved "https://registry.yarnpkg.com/loglevel/-/loglevel-1.9.2.tgz#c2e028d6c757720107df4e64508530db6621ba08"
  integrity sha512-HgMmCqIJSAKqo68l0rS2AanEWfkxaZ5wNiEFb5ggm08lDs9Xl2KxBlX3PTcaD2chBM1gXAYf491/M2Rv8Jwayg==

magic-string@^0.30.19:
  version "0.30.19"
  resolved "https://registry.yarnpkg.com/magic-string/-/magic-string-0.30.19.tgz#cebe9f104e565602e5d2098c5f2e79a77cc86da9"
  integrity sha512-2N21sPY9Ws53PZvsEpVtNuSW+ScYbQdp4b9qUaL+9QkHUrGFKo56Lg9Emg5s9V/qrtNBmiR01sYhUOwu3H+VOw==
  dependencies:
    "@jridgewell/sourcemap-codec" "^1.5.5"

mitt@^3.0.1:
  version "3.0.1"
  resolved "https://registry.yarnpkg.com/mitt/-/mitt-3.0.1.tgz#ea36cf0cc30403601ae074c8f77b7092cdab36d1"
  integrity sha512-vKivATfr97l2/QBCYAkXYDbrIWPM2IIKEl7YPhjCvKlG3kE2gm+uBo6nEXK3M5/Ffh/FLpKExzOQ3JJoJGFKBw==

muggle-string@^0.4.1:
  version "0.4.1"
  resolved "https://registry.yarnpkg.com/muggle-string/-/muggle-string-0.4.1.tgz#3b366bd43b32f809dc20659534dd30e7c8a0d328"
  integrity sha512-VNTrAak/KhO2i8dqqnqnAHOa3cYBwXEZe9h+D5h/1ZqFSTEFHdM65lR7RoIqq3tBBYavsOXV84NoHXZ0AkPyqQ==

nan@^2.11.0:
  version "2.23.0"
  resolved "https://registry.yarnpkg.com/nan/-/nan-2.23.0.tgz#24aa4ddffcc37613a2d2935b97683c1ec96093c6"
  integrity sha512-1UxuyYGdoQHcGg87Lkqm3FzefucTa0NAiOcuRsDmysep3c1LVCRK2krrUDafMWtjSG04htvAmvg96+SDknOmgQ==

nanoid@^3.3.11:
  version "3.3.11"
  resolved "https://registry.yarnpkg.com/nanoid/-/nanoid-3.3.11.tgz#4f4f112cefbe303202f2199838128936266d185b"
  integrity sha512-N8SpfPUnUp1bK+PMYW8qSWdl9U+wwNWI4QKxOYDy9JAro3WMX7p2OeVRF9v+347pnakNevPmiHhNmZ2HbFA76w==

nanopop@2.3.0:
  version "2.3.0"
  resolved "https://registry.yarnpkg.com/nanopop/-/nanopop-2.3.0.tgz#a5f672fba27d45d6ecbd0b59789c040072915123"
  integrity sha512-fzN+T2K7/Ah25XU02MJkPZ5q4Tj5FpjmIYq4rvoHX4yb16HzFdCO6JxFFn5Y/oBhQ8no8fUZavnyIv9/+xkBBw==

normalize-path@^3.0.0, normalize-path@~3.0.0:
  version "3.0.0"
  resolved "https://registry.yarnpkg.com/normalize-path/-/normalize-path-3.0.0.tgz#0dcd69ff23a1c9b11fd0978316644a0388216a65"
  integrity sha512-6eZs5Ls3WtCisHWp9S2GUy8dqkpGi4BVSz3GaqiE6ezub0512ESztXUwUB6C6IKbQkY2Pnb/mD4WYojCRwcwLA==

online-3d-viewer@^0.16.0:
  version "0.16.0"
  resolved "https://registry.yarnpkg.com/online-3d-viewer/-/online-3d-viewer-0.16.0.tgz#98cc6531cf14a2b960c60fa64d2cca86fd2d2dc0"
  integrity sha512-Mcmo41TM3K+svlMDRH8ySKSY2e8s7Sssdb5U9LV3gkFKVWGGuS304Vk5gqxopAJbE72DpsC67Ve3YNtcAuROwQ==
  dependencies:
    "@simonwep/pickr" "1.9.0"
    fflate "0.8.2"
    three "0.176.0"

p-map@^7.0.3:
  version "7.0.3"
  resolved "https://registry.yarnpkg.com/p-map/-/p-map-7.0.3.tgz#7ac210a2d36f81ec28b736134810f7ba4418cdb6"
  integrity sha512-VkndIv2fIB99swvQoA65bm+fsmt6UNdGeIB0oxBs+WhAhdh08QA04JXpI7rbB9r08/nkbysKoya9rtDERYOYMA==

path-browserify@^1.0.1:
  version "1.0.1"
  resolved "https://registry.yarnpkg.com/path-browserify/-/path-browserify-1.0.1.tgz#d98454a9c3753d5790860f16f68867b9e46be1fd"
  integrity sha512-b7uo2UCUOYZcnF/3ID0lulOJi/bafxa1xPe7ZPsammBSpjSWQkjNxlt635YGS2MiR9GjvuXCtz2emr3jbsz98g==

picocolors@^1.1.1:
  version "1.1.1"
  resolved "https://registry.yarnpkg.com/picocolors/-/picocolors-1.1.1.tgz#3d321af3eab939b083c8f929a1d12cda81c26b6b"
  integrity sha512-xceH2snhtb5M9liqDsmEw56le376mTZkEX/jEb/RxNFyegNul7eNslCXP9FDj/Lcu0X8KEyMceP2ntpaHrDEVA==

picomatch@^2.0.4, picomatch@^2.2.1:
  version "2.3.1"
  resolved "https://registry.yarnpkg.com/picomatch/-/picomatch-2.3.1.tgz#3ba3833733646d9d3e4995946c1365a67fb07a42"
  integrity sha512-JU3teHTNjmE2VCGFzuY8EXzCDVwEqB2a8fsIvwaStHhAWJEeVd1o1QD80CU6+ZdEXXSLbSsuLwJjkCBWqRQUVA==

picomatch@^4.0.2, picomatch@^4.0.3:
  version "4.0.3"
  resolved "https://registry.yarnpkg.com/picomatch/-/picomatch-4.0.3.tgz#796c76136d1eead715db1e7bad785dedd695a042"
  integrity sha512-5gTmgEY/sqK6gFXLIsQNH19lWb4ebPDLA4SdLP7dsWkIXHWlG66oPuVvXSGFPppYZz8ZDZq0dYYrbHfBCVUb1Q==

picomatch@^4.0.4:
  version "4.0.4"
  resolved "https://registry.yarnpkg.com/picomatch/-/picomatch-4.0.4.tgz#fd6f5e00a143086e074dffe4c924b8fb293b0589"
  integrity sha512-QP88BAKvMam/3NxH6vj2o21R6MjxZUAd6nlwAS/pnGvN9IVLocLHxGYIzFhg6fUQ+5th6P4dv4eW9jX3DSIj7A==

postcss@^8.5.14:
  version "8.5.14"
  resolved "https://registry.yarnpkg.com/postcss/-/postcss-8.5.14.tgz#a66c2d7808fadf69ebb5b84a03f8bafd76c4919c"
  integrity sha512-SoSL4+OSEtR99LHFZQiJLkT59C5B1amGO1NzTwj7TT1qCUgUO6hxOvzkOYxD+vMrXBM3XJIKzokoERdqQq/Zmg==
  dependencies:
    nanoid "^3.3.11"
    picocolors "^1.1.1"
    source-map-js "^1.2.1"

postcss@^8.5.6:
  version "8.5.6"
  resolved "https://registry.yarnpkg.com/postcss/-/postcss-8.5.6.tgz#2825006615a619b4f62a9e7426cc120b349a8f3c"
  integrity sha512-3Ybi1tAuwAP9s0r1UQ2J4n5Y0G05bJkpUIO0/bI9MhwmD70S5aTWbXGBwxHrelT+XM1k6dM0pk+SwNkpTRN7Pg==
  dependencies:
    nanoid "^3.3.11"
    picocolors "^1.1.1"
    source-map-js "^1.2.1"

quickselect@^3.0.0:
  version "3.0.0"
  resolved "https://registry.yarnpkg.com/quickselect/-/quickselect-3.0.0.tgz#a37fc953867d56f095a20ac71c6d27063d2de603"
  integrity sha512-XdjUArbK4Bm5fLLvlm5KpTFOiOThgfWWI4axAZDWg4E/0mKdZyI9tNEfds27qCi1ze/vwTR16kvmmGhRra3c2g==

rbush@^4.0.1:
  version "4.0.1"
  resolved "https://registry.yarnpkg.com/rbush/-/rbush-4.0.1.tgz#1f55afa64a978f71bf9e9a99bc14ff84f3cb0d6d"
  integrity sha512-IP0UpfeWQujYC8Jg162rMNc01Rf0gWMMAb2Uxus/Q0qOFw4lCcq6ZnQEZwUoJqWyUGJ9th7JjwI4yIWo+uvoAQ==
  dependencies:
    quickselect "^3.0.0"

readdirp@~3.6.0:
  version "3.6.0"
  resolved "https://registry.yarnpkg.com/readdirp/-/readdirp-3.6.0.tgz#74a370bd857116e245b29cc97340cd431a02a6c7"
  integrity sha512-hOS089on8RduqdbhvQ5Z37A0ESjsqz6qnRcffsMU3495FuTdqSm+7bhJ29JvIOsBDEEnan5DPu9t3To9VRlMzA==
  dependencies:
    picomatch "^2.2.1"

rolldown@1.0.0:
  version "1.0.0"
  resolved "https://registry.yarnpkg.com/rolldown/-/rolldown-1.0.0.tgz#9baf1407c4117570f19f75f697c4a0216065d12e"
  integrity sha512-yD986aXDESFGS95spT1LAv0jssywP4npMEjmMHyN2/5+eE8qQJUype2AaKkRiLgBgyD0LFlubwAht7VmY8rGoA==
  dependencies:
    "@oxc-project/types" "=0.129.0"
    "@rolldown/pluginutils" "1.0.0"
  optionalDependencies:
    "@rolldown/binding-android-arm64" "1.0.0"
    "@rolldown/binding-darwin-arm64" "1.0.0"
    "@rolldown/binding-darwin-x64" "1.0.0"
    "@rolldown/binding-freebsd-x64" "1.0.0"
    "@rolldown/binding-linux-arm-gnueabihf" "1.0.0"
    "@rolldown/binding-linux-arm64-gnu" "1.0.0"
    "@rolldown/binding-linux-arm64-musl" "1.0.0"
    "@rolldown/binding-linux-ppc64-gnu" "1.0.0"
    "@rolldown/binding-linux-s390x-gnu" "1.0.0"
    "@rolldown/binding-linux-x64-gnu" "1.0.0"
    "@rolldown/binding-linux-x64-musl" "1.0.0"
    "@rolldown/binding-openharmony-arm64" "1.0.0"
    "@rolldown/binding-wasm32-wasi" "1.0.0"
    "@rolldown/binding-win32-arm64-msvc" "1.0.0"
    "@rolldown/binding-win32-x64-msvc" "1.0.0"

source-map-js@^1.2.1:
  version "1.2.1"
  resolved "https://registry.yarnpkg.com/source-map-js/-/source-map-js-1.2.1.tgz#1ce5650fddd87abc099eda37dcff024c2667ae46"
  integrity sha512-UXWMKhLOwVKb728IUtQPXxfYU+usdybtUrK/8uGE8CQMvrhOpwvzDBwj0QhSL7MQc7vIsISBG8VQ8+IDQxpfQA==

three@0.176.0:
  version "0.176.0"
  resolved "https://registry.yarnpkg.com/three/-/three-0.176.0.tgz#a30c1974e46db5745e4f96dd9ee2028d71e16ecf"
  integrity sha512-PWRKYWQo23ojf9oZSlRGH8K09q7nRSWx6LY/HF/UUrMdYgN9i1e2OwJYHoQjwc6HF/4lvvYLC5YC1X8UJL2ZpA==

tinyglobby@^0.2.15:
  version "0.2.15"
  resolved "https://registry.yarnpkg.com/tinyglobby/-/tinyglobby-0.2.15.tgz#e228dd1e638cea993d2fdb4fcd2d4602a79951c2"
  integrity sha512-j2Zq4NyQYG5XMST4cbs02Ak8iJUdxRM0XI5QyxXuZOzKOINmWurp3smXu3y5wDcJrptwpSjgXHzIQxR0omXljQ==
  dependencies:
    fdir "^6.5.0"
    picomatch "^4.0.3"

tinyglobby@^0.2.16:
  version "0.2.16"
  resolved "https://registry.yarnpkg.com/tinyglobby/-/tinyglobby-0.2.16.tgz#1c3b7eb953fce42b226bc5a1ee06428281aff3d6"
  integrity sha512-pn99VhoACYR8nFHhxqix+uvsbXineAasWm5ojXoN8xEwK5Kd3/TrhNn1wByuD52UxWRLy8pu+kRMniEi6Eq9Zg==
  dependencies:
    fdir "^6.5.0"
    picomatch "^4.0.4"

to-regex-range@^5.0.1:
  version "5.0.1"
  resolved "https://registry.yarnpkg.com/to-regex-range/-/to-regex-range-5.0.1.tgz#1648c44aae7c8d988a326018ed72f5b4dd0392e4"
  integrity sha512-65P7iz6X5yEr1cwcgvQxbbIw7Uk3gOy5dIdtZ4rDveLqhrdJP+Li/Hx6tyK0NEb+2GCyneCMJiGqrADCSNk8sQ==
  dependencies:
    is-number "^7.0.0"

tslib@^2.4.0, tslib@^2.6.0:
  version "2.8.1"
  resolved "https://registry.yarnpkg.com/tslib/-/tslib-2.8.1.tgz#612efe4ed235d567e8aba5f2a5fab70280ade83f"
  integrity sha512-oJFu94HQb+KVduSUQL7wnpmqnfmLsOA/nAh6b6EH0wCEoK0/mPeXU6c3wKDV83MkOuHPRHtSXKKU99IBazS/2w==

typescript@~5.9.3:
  version "5.9.3"
  resolved "https://registry.yarnpkg.com/typescript/-/typescript-5.9.3.tgz#5b4f59e15310ab17a216f5d6cf53ee476ede670f"
  integrity sha512-jl1vZzPDinLr9eUt3J/t7V6FgNEw9QjvBPdysz9KfQDD41fQrC2Y4vKQdiaUpFT4bXlb1RHhLpp8wtm6M5TgSw==

uid@^2.0.2:
  version "2.0.2"
  resolved "https://registry.yarnpkg.com/uid/-/uid-2.0.2.tgz#4b5782abf0f2feeefc00fa88006b2b3b7af3e3b9"
  integrity sha512-u3xV3X7uzvi5b1MncmZo3i2Aw222Zk1keqLA1YkHldREkAhAqi65wuPfe7lHx8H/Wzy+8CE7S7uS3jekIM5s8g==
  dependencies:
    "@lukeed/csprng" "^1.0.0"

undici-types@~7.14.0:
  version "7.14.0"
  resolved "https://registry.yarnpkg.com/undici-types/-/undici-types-7.14.0.tgz#4c037b32ca4d7d62fae042174604341588bc0840"
  integrity sha512-QQiYxHuyZ9gQUIrmPo3IA+hUl4KYk8uSA7cHrcKd/l3p1OTpZcM0Tbp9x7FAtXdAYhlasd60ncPpgu6ihG6TOA==

universalify@^2.0.0:
  version "2.0.1"
  resolved "https://registry.yarnpkg.com/universalify/-/universalify-2.0.1.tgz#168efc2180964e6386d061e094df61afe239b18d"
  integrity sha512-gptHNQghINnc/vTGIk0SOFGFNXw7JVrlRUtConJRlvaw6DuX0wO5Jeko9sWrMBhh+PsYAZ7oXAiOnf/UKogyiw==

verb-nurbs-web@^2.1.3:
  version "2.1.3"
  resolved "https://registry.yarnpkg.com/verb-nurbs-web/-/verb-nurbs-web-2.1.3.tgz#c5db2797bea085d3e14c8a0928a2e4cd6df64af6"
  integrity sha512-2PvI2bx7dn0r3kWtk+JuDIDZ+p7I5Piu8y6/ZNhUVpilOyHKK1nNzLHtgown+dFOmBnKnuAKIMh1xn/5kzrxZA==
  optionalDependencies:
    webworker-threads "^0.7.12"

vite-plugin-static-copy@^3.1.1:
  version "3.1.3"
  resolved "https://registry.yarnpkg.com/vite-plugin-static-copy/-/vite-plugin-static-copy-3.1.3.tgz#431b2763938bf7890f1e362626fa6a1fb6440534"
  integrity sha512-U47jgyoJfrvreF87u2udU6dHIXbHhdgGZ7wSEqn6nVHKDOMdRoB2uVc6iqxbEzENN5JvX6djE5cBhQZ2MMBclA==
  dependencies:
    chokidar "^3.6.0"
    fs-extra "^11.3.2"
    p-map "^7.0.3"
    picocolors "^1.1.1"
    tinyglobby "^0.2.15"

vite@^8.0.5:
  version "8.0.12"
  resolved "https://registry.yarnpkg.com/vite/-/vite-8.0.12.tgz#105cce7bcb60733f9159842ec2a5a10aadf2da86"
  integrity sha512-w2dDofOWv2QB09ZITZBsvKTVAlYvPR4IAmrY/v0ir9KvLs0xybR7i48wxhM1/oyBWO34wPns+bPGw5ZrZqDpZg==
  dependencies:
    lightningcss "^1.32.0"
    picomatch "^4.0.4"
    postcss "^8.5.14"
    rolldown "1.0.0"
    tinyglobby "^0.2.16"
  optionalDependencies:
    fsevents "~2.3.3"

vscode-uri@^3.0.8:
  version "3.1.0"
  resolved "https://registry.yarnpkg.com/vscode-uri/-/vscode-uri-3.1.0.tgz#dd09ec5a66a38b5c3fffc774015713496d14e09c"
  integrity sha512-/BpdSx+yCQGnCvecbyXdxHDkuk55/G3xwnC0GqY4gmQ3j+A+g8kzzgB4Nk/SINjqn6+waqw3EgbVF2QKExkRxQ==

vue-demi@^0.14.10:
  version "0.14.10"
  resolved "https://registry.yarnpkg.com/vue-demi/-/vue-demi-0.14.10.tgz#afc78de3d6f9e11bf78c55e8510ee12814522f04"
  integrity sha512-nMZBOwuzabUO0nLgIcc6rycZEebF6eeUfaiQx9+WSk8e29IbLvPU9feI6tqW4kTo3hvoYAJkMh8n8D0fuISphg==

vue-router@^4.5.1:
  version "4.5.1"
  resolved "https://registry.yarnpkg.com/vue-router/-/vue-router-4.5.1.tgz#47bffe2d3a5479d2886a9a244547a853aa0abf69"
  integrity sha512-ogAF3P97NPm8fJsE4by9dwSYtDwXIY1nFY9T6DyQnGHd1E2Da94w9JIolpe42LJGIl0DwOHBi8TcRPlPGwbTtw==
  dependencies:
    "@vue/devtools-api" "^6.6.4"

vue-tsc@^3.1.0:
  version "3.1.1"
  resolved "https://registry.yarnpkg.com/vue-tsc/-/vue-tsc-3.1.1.tgz#66a5a9965a81d8cae03dd2c0350e2c05b24a2a4d"
  integrity sha512-fyixKxFniOVgn+L/4+g8zCG6dflLLt01Agz9jl3TO45Bgk87NZJRmJVPsiK+ouq3LB91jJCbOV+pDkzYTxbI7A==
  dependencies:
    "@volar/typescript" "2.4.23"
    "@vue/language-core" "3.1.1"

vue@^3.5.22:
  version "3.5.22"
  resolved "https://registry.yarnpkg.com/vue/-/vue-3.5.22.tgz#2b8ddb94ee4b640ef12fe7f6efe1cf16f3b582e7"
  integrity sha512-toaZjQ3a/G/mYaLSbV+QsQhIdMo9x5rrqIpYRObsJ6T/J+RyCSFwN2LHNVH9v8uIcljDNa3QzPVdv3Y6b9hAJQ==
  dependencies:
    "@vue/compiler-dom" "3.5.22"
    "@vue/compiler-sfc" "3.5.22"
    "@vue/runtime-dom" "3.5.22"
    "@vue/server-renderer" "3.5.22"
    "@vue/shared" "3.5.22"

webworker-threads@^0.7.12:
  version "0.7.17"
  resolved "https://registry.yarnpkg.com/webworker-threads/-/webworker-threads-0.7.17.tgz#c2ade95adc66e9ce43564f41d1b867ae6837092c"
  integrity sha512-Y2w2aXBbDLk9IzTEb9u+MsODC3s4YlGI7g4h0t+1OAwIO8yBI9rQL35ZYlyayiCuWu1dZMH/P7kGU8OwW7YsyA==
  dependencies:
    bindings "^1.3.0"
    nan "^2.11.0"
